
Microsoft Visual Studio Solution File, Format Version 12.00
# Visual Studio 2013
VisualStudioVersion = 12.0.40629.0
MinimumVisualStudioVersion = 10.0.40219.1
Project("{FAE04EC0-301F-11D3-BF4B-00C04F79EFBC}") = "DegreeOfAnArray", "DegreeOfAnArray\DegreeOfAnArray.csproj", "{20251AB9-4DED-4DE8-88E5-ABEBC8E5DB2E}"
EndProject
Project("{FAE04EC0-301F-11D3-BF4B-00C04F79EFBC}") = "DegreeOfAnArrayTests", "DegreeOfAnArrayTests\DegreeOfAnArrayTests.csproj", "{D050174B-5C4C-43A6-BABA-B898430B117D}"
EndProject
Global
	GlobalSection(SolutionConfigurationPlatforms) = preSolution
		Debug|Any CPU = Debug|Any CPU
		Release|Any CPU = Release|Any CPU
	EndGlobalSection
	GlobalSection(ProjectConfigurationPlatforms) = postSolution
		{20251AB9-4DED-4DE8-88E5-ABEBC8E5DB2E}.Debug|Any CPU.ActiveCfg = Debug|Any CPU
		{20251AB9-4DED-4DE8-88E5-ABEBC8E5DB2E}.Debug|Any CPU.Build.0 = Debug|Any CPU
		{20251AB9-4DED-4DE8-88E5-ABEBC8E5DB2E}.Release|Any CPU.ActiveCfg = Release|Any CPU
		{20251AB9-4DED-4DE8-88E5-ABEBC8E5DB2E}.Release|Any CPU.Build.0 = Release|Any CPU
		{D050174B-5C4C-43A6-BABA-B898430B117D}.Debug|Any CPU.ActiveCfg = Debug|Any CPU
		{D050174B-5C4C-43A6-BABA-B898430B117D}.Debug|Any CPU.Build.0 = Debug|Any CPU
		{D050174B-5C4C-43A6-BABA-B898430B117D}.Release|Any CPU.ActiveCfg = Release|Any CPU
		{D050174B-5C4C-43A6-BABA-B898430B117D}.Release|Any CPU.Build.0 = Release|Any CPU
	EndGlobalSection
	GlobalSection(SolutionProperties) = preSolution
		HideSolutionNode = FALSE
	EndGlobalSection
EndGlobal
